Microsoft Visual Studio Solution File, Format Version 12.00
# Visual Studio Version 17
VisualStudioVersion = 17.5.2.0
MinimumVisualStudioVersion = 10.0.40219.1
Project("{FAE04EC0-301F-11D3-BF4B-00C04F79EFBC}") = "demogit", "demogit.csproj", "{C0238A2B-6421-C375-EA75-47492C7038EF}"
EndProject
Global
	GlobalSection(SolutionConfigurationPlatforms) = preSolution
		Debug|Any CPU = Debug|Any CPU
		Release|Any CPU = Release|Any CPU
	EndGlobalSection
	GlobalSection(ProjectConfigurationPlatforms) = postSolution
		{C0238A2B-6421-C375-EA75-47492C7038EF}.Debug|Any CPU.ActiveCfg = Debug|Any CPU
		{C0238A2B-6421-C375-EA75-47492C7038EF}.Debug|Any CPU.Build.0 = Debug|Any CPU
		{C0238A2B-6421-C375-EA75-47492C7038EF}.Release|Any CPU.ActiveCfg = Release|Any CPU
		{C0238A2B-6421-C375-EA75-47492C7038EF}.Release|Any CPU.Build.0 = Release|Any CPU
	EndGlobalSection
	GlobalSection(SolutionProperties) = preSolution
		HideSolutionNode = FALSE
	EndGlobalSection
	GlobalSection(ExtensibilityGlobals) = postSolution
		SolutionGuid = {E34C2B48-561F-4F2E-9E2C-BF3420FEC868}
	EndGlobalSection
EndGlobal
